// !$*UTF8*$!
{
	archiveVersion = 1;
	classes = {
	};
	objectVersion = 55;
	objects = {

/* Begin PBXBuildFile section */
		0248CE824C0EF5CCC109A3F0 /* Pods_Tipster_TipsterUITests.framework in Frameworks */ = {isa = PBXBuildFile; fileRef = EC287EAB3A61EBEAA8668E59 /* Pods_Tipster_TipsterUITests.framework */; };
		54539CF68E2B076C2FA570FD /* Pods_TipsterTests.framework in Frameworks */ = {isa = PBXBuildFile; fileRef = 84DDAFAFF03F31F754AE6B3A /* Pods_TipsterTests.framework */; };
		817BCD1128CD560800D45D6C /* MovieCell.swift in Sources */ = {isa = PBXBuildFile; fileRef = 817BCD1028CD560800D45D6C /* MovieCell.swift */; };
		81B1BFEA28D6935300C3118A /* MovieDetailsViewController.swift in Sources */ = {isa = PBXBuildFile; fileRef = 81B1BFE928D6935300C3118A /* MovieDetailsViewController.swift */; };
		81B8BB7328CC21540091F616 /* AppDelegate.swift in Sources */ = {isa = PBXBuildFile; fileRef = 81B8BB7228CC21540091F616 /* AppDelegate.swift */; };
		81B8BB7528CC21540091F616 /* SceneDelegate.swift in Sources */ = {isa = PBXBuildFile; fileRef = 81B8BB7428CC21540091F616 /* SceneDelegate.swift */; };
		81B8BB7728CC21540091F616 /* ViewController.swift in Sources */ = {isa = PBXBuildFile; fileRef = 81B8BB7628CC21540091F616 /* ViewController.swift */; };
		81B8BB7A28CC21540091F616 /* Main.storyboard in Resources */ = {isa = PBXBuildFile; fileRef = 81B8BB7828CC21540091F616 /* Main.storyboard */; };
		81B8BB7C28CC21540091F616 /* Assets.xcassets in Resources */ = {isa = PBXBuildFile; fileRef = 81B8BB7B28CC21540091F616 /* Assets.xcassets */; };
		81B8BB7F28CC21540091F616 /* LaunchScreen.storyboard in Resources */ = {isa = PBXBuildFile; fileRef = 81B8BB7D28CC21540091F616 /* LaunchScreen.storyboard */; };
		81B8BB8A28CC21550091F616 /* TipsterTests.swift in Sources */ = {isa = PBXBuildFile; fileRef = 81B8BB8928CC21550091F616 /* TipsterTests.swift */; };
		81B8BB9428CC21550091F616 /* TipsterUITests.swift in Sources */ = {isa = PBXBuildFile; fileRef = 81B8BB9328CC21550091F616 /* TipsterUITests.swift */; };
		81B8BB9628CC21550091F616 /* TipsterUITestsLaunchTests.swift in Sources */ = {isa = PBXBuildFile; fileRef = 81B8BB9528CC21550091F616 /* TipsterUITestsLaunchTests.swift */; };
		EB398C6C9D982D38FFD7035D /* Pods_Tipster.framework in Frameworks */ = {isa = PBXBuildFile; fileRef = D4BC5C1B90F5561421507B42 /* Pods_Tipster.framework */; };
/* End PBXBuildFile section */

/* Begin PBXContainerItemProxy section */
		81B8BB8628CC21540091F616 /* PBXContainerItemProxy */ = {
			isa = PBXContainerItemProxy;
			containerPortal = 81B8BB6728CC21540091F616 /* Project object */;
			proxyType = 1;
			remoteGlobalIDString = 81B8BB6E28CC21540091F616;
			remoteInfo = Tipster;
		};
		81B8BB9028CC21550091F616 /* PBXContainerItemProxy */ = {
			isa = PBXContainerItemProxy;
			containerPortal = 81B8BB6728CC21540091F616 /* Project object */;
			proxyType = 1;
			remoteGlobalIDString = 81B8BB6E28CC21540091F616;
			remoteInfo = Tipster;
		};
/* End PBXContainerItemProxy section */

/* Begin PBXFileReference section */
		5190D35E3E0C72C9C7ACB7E9 /* Pods-TipsterTests.release.xcconfig */ = {isa = PBXFileReference; includeInIndex = 1; lastKnownFileType = text.xcconfig; name = "Pods-TipsterTests.release.xcconfig"; path = "Target Support Files/Pods-TipsterTests/Pods-TipsterTests.release.xcconfig"; sourceTree = "<group>"; };
		65F80E9B684C0666C8354CA2 /* Pods-TipsterTests.debug.xcconfig */ = {isa = PBXFileReference; includeInIndex = 1; lastKnownFileType = text.xcconfig; name = "Pods-TipsterTests.debug.xcconfig"; path = "Target Support Files/Pods-TipsterTests/Pods-TipsterTests.debug.xcconfig"; sourceTree = "<group>"; };
		6A5F56FF0B076F99D911EFBA /* Pods-Tipster-TipsterUITests.debug.xcconfig */ = {isa = PBXFileReference; includeInIndex = 1; lastKnownFileType = text.xcconfig; name = "Pods-Tipster-TipsterUITests.debug.xcconfig"; path = "Target Support Files/Pods-Tipster-TipsterUITests/Pods-Tipster-TipsterUITests.debug.xcconfig"; sourceTree = "<group>"; };
		817BCD1028CD560800D45D6C /* MovieCell.swift */ = {isa = PBXFileReference; lastKnownFileType = sourcecode.swift; path = MovieCell.swift; sourceTree = "<group>"; };
		81B1BFE928D6935300C3118A /* MovieDetailsViewController.swift */ = {isa = PBXFileReference; lastKnownFileType = sourcecode.swift; path = MovieDetailsViewController.swift; sourceTree = "<group>"; };
		81B8BB6F28CC21540091F616 /* Tipster.app */ = {isa = PBXFileReference; explicitFileType = wrapper.application; includeInIndex = 0; path = Tipster.app; sourceTree = BUILT_PRODUCTS_DIR; };
		81B8BB7228CC21540091F616 /* AppDelegate.swift */ = {isa = PBXFileReference; lastKnownFileType = sourcecode.swift; path = AppDelegate.swift; sourceTree = "<group>"; };
		81B8BB7428CC21540091F616 /* SceneDelegate.swift */ = {isa = PBXFileReference; lastKnownFileType = sourcecode.swift; path = SceneDelegate.swift; sourceTree = "<group>"; };
		81B8BB7628CC21540091F616 /* ViewController.swift */ = {isa = PBXFileReference; lastKnownFileType = sourcecode.swift; path = ViewController.swift; sourceTree = "<group>"; };
		81B8BB7928CC21540091F616 /* Base */ = {isa = PBXFileReference; lastKnownFileType = file.storyboard; name = Base; path = Base.lproj/Main.storyboard; sourceTree = "<group>"; };
		81B8BB7B28CC21540091F616 /* Assets.xcassets */ = {isa = PBXFileReference; lastKnownFileType = folder.assetcatalog; path = Assets.xcassets; sourceTree = "<group>"; };
		81B8BB7E28CC21540091F616 /* Base */ = {isa = PBXFileReference; lastKnownFileType = file.storyboard; name = Base; path = Base.lproj/LaunchScreen.storyboard; sourceTree = "<group>"; };
		81B8BB8028CC21540091F616 /* Info.plist */ = {isa = PBXFileReference; lastKnownFileType = text.plist.xml; path = Info.plist; sourceTree = "<group>"; };
		81B8BB8528CC21540091F616 /* TipsterTests.xctest */ = {isa = PBXFileReference; explicitFileType = wrapper.cfbundle; includeInIndex = 0; path = TipsterTests.xctest; sourceTree = BUILT_PRODUCTS_DIR; };
		81B8BB8928CC21550091F616 /* TipsterTests.swift */ = {isa = PBXFileReference; lastKnownFileType = sourcecode.swift; path = TipsterTests.swift; sourceTree = "<group>"; };
		81B8BB8F28CC21550091F616 /* TipsterUITests.xctest */ = {isa = PBXFileReference; explicitFileType = wrapper.cfbundle; includeInIndex = 0; path = TipsterUITests.xctest; sourceTree = BUILT_PRODUCTS_DIR; };
		81B8BB9328CC21550091F616 /* TipsterUITests.swift */ = {isa = PBXFileReference; lastKnownFileType = sourcecode.swift; path = TipsterUITests.swift; sourceTree = "<group>"; };
		81B8BB9528CC21550091F616 /* TipsterUITestsLaunchTests.swift */ = {isa = PBXFileReference; lastKnownFileType = sourcecode.swift; path = TipsterUITestsLaunchTests.swift; sourceTree = "<group>"; };
		84DDAFAFF03F31F754AE6B3A /* Pods_TipsterTests.framework */ = {isa = PBXFileReference; explicitFileType = wrapper.framework; includeInIndex = 0; path = Pods_TipsterTests.framework; sourceTree = BUILT_PRODUCTS_DIR; };
		85C0069B108D38A70DB08211 /* Pods-Tipster.debug.xcconfig */ = {isa = PBXFileReference; includeInIndex = 1; lastKnownFileType = text.xcconfig; name = "Pods-Tipster.debug.xcconfig"; path = "Target Support Files/Pods-Tipster/Pods-Tipster.debug.xcconfig"; sourceTree = "<group>"; };
		BBE3C27D7615D6B32E8AFD96 /* Pods-Tipster.release.xcconfig */ = {isa = PBXFileReference; includeInIndex = 1; lastKnownFileType = text.xcconfig; name = "Pods-Tipster.release.xcconfig"; path = "Target Support Files/Pods-Tipster/Pods-Tipster.release.xcconfig"; sourceTree = "<group>"; };
		D4BC5C1B90F5561421507B42 /* Pods_Tipster.framework */ = {isa = PBXFileReference; explicitFileType = wrapper.framework; includeInIndex = 0; path = Pods_Tipster.framework; sourceTree = BUILT_PRODUCTS_DIR; };
		D5FF8601A9062A7EA7DB062C /* Pods-Tipster-TipsterUITests.release.xcconfig */ = {isa = PBXFileReference; includeInIndex = 1; lastKnownFileType = text.xcconfig; name = "Pods-Tipster-TipsterUITests.release.xcconfig"; path = "Target Support Files/Pods-Tipster-TipsterUITests/Pods-Tipster-TipsterUITests.release.xcconfig"; sourceTree = "<group>"; };
		EC287EAB3A61EBEAA8668E59 /* Pods_Tipster_TipsterUITests.framework */ = {isa = PBXFileReference; explicitFileType = wrapper.framework; includeInIndex = 0; path = Pods_Tipster_TipsterUITests.framework; sourceTree = BUILT_PRODUCTS_DIR; };
/* End PBXFileReference section */

/* Begin PBXFrameworksBuildPhase section */
		81B8BB6C28CC21540091F616 /* Frameworks */ = {
			isa = PBXFrameworksBuildPhase;
			buildActionMask = 2147483647;
			files = (
				EB398C6C9D982D38FFD7035D /* Pods_Tipster.framework in Frameworks */,
			);
			runOnlyForDeploymentPostprocessing = 0;
		};
		81B8BB8228CC21540091F616 /* Frameworks */ = {
			isa = PBXFrameworksBuildPhase;
			buildActionMask = 2147483647;
			files = (
				54539CF68E2B076C2FA570FD /* Pods_TipsterTests.framework in Frameworks */,
			);
			runOnlyForDeploymentPostprocessing = 0;
		};
		81B8BB8C28CC21550091F616 /* Frameworks */ = {
			isa = PBXFrameworksBuildPhase;
			buildActionMask = 2147483647;
			files = (
				0248CE824C0EF5CCC109A3F0 /* Pods_Tipster_TipsterUITests.framework in Frameworks */,
			);
			runOnlyForDeploymentPostprocessing = 0;
		};
/* End PBXFrameworksBuildPhase section */

/* Begin PBXGroup section */
		4EBCA23D9AB1400F23D15FEA /* Pods */ = {
			isa = PBXGroup;
			children = (
				85C0069B108D38A70DB08211 /* Pods-Tipster.debug.xcconfig */,
				BBE3C27D7615D6B32E8AFD96 /* Pods-Tipster.release.xcconfig */,
				6A5F56FF0B076F99D911EFBA /* Pods-Tipster-TipsterUITests.debug.xcconfig */,
				D5FF8601A9062A7EA7DB062C /* Pods-Tipster-TipsterUITests.release.xcconfig */,
				65F80E9B684C0666C8354CA2 /* Pods-TipsterTests.debug.xcconfig */,
				5190D35E3E0C72C9C7ACB7E9 /* Pods-TipsterTests.release.xcconfig */,
			);
			path = Pods;
			sourceTree = "<group>";
		};
		81B8BB6628CC21540091F616 = {
			isa = PBXGroup;
			children = (
				81B8BB7128CC21540091F616 /* Tipster */,
				81B8BB8828CC21550091F616 /* TipsterTests */,
				81B8BB9228CC21550091F616 /* TipsterUITests */,
				81B8BB7028CC21540091F616 /* Products */,
				4EBCA23D9AB1400F23D15FEA /* Pods */,
				9F83C2E75AF719246A1B4EB2 /* Frameworks */,
			);
			sourceTree = "<group>";
		};
		81B8BB7028CC21540091F616 /* Products */ = {
			isa = PBXGroup;
			children = (
				81B8BB6F28CC21540091F616 /* Tipster.app */,
				81B8BB8528CC21540091F616 /* TipsterTests.xctest */,
				81B8BB8F28CC21550091F616 /* TipsterUITests.xctest */,
			);
			name = Products;
			sourceTree = "<group>";
		};
		81B8BB7128CC21540091F616 /* Tipster */ = {
			isa = PBXGroup;
			children = (
				81B8BB7228CC21540091F616 /* AppDelegate.swift */,
				81B8BB7428CC21540091F616 /* SceneDelegate.swift */,
				81B8BB7628CC21540091F616 /* ViewController.swift */,
				81B8BB7828CC21540091F616 /* Main.storyboard */,
				81B8BB7B28CC21540091F616 /* Assets.xcassets */,
				81B8BB7D28CC21540091F616 /* LaunchScreen.storyboard */,
				81B8BB8028CC21540091F616 /* Info.plist */,
				817BCD1028CD560800D45D6C /* MovieCell.swift */,
				81B1BFE928D6935300C3118A /* MovieDetailsViewController.swift */,
			);
			path = Tipster;
			sourceTree = "<group>";
		};
		81B8BB8828CC21550091F616 /* TipsterTests */ = {
			isa = PBXGroup;
			children = (
				81B8BB8928CC21550091F616 /* TipsterTests.swift */,
			);
			path = TipsterTests;
			sourceTree = "<group>";
		};
		81B8BB9228CC21550091F616 /* TipsterUITests */ = {
			isa = PBXGroup;
			children = (
				81B8BB9328CC21550091F616 /* TipsterUITests.swift */,
				81B8BB9528CC21550091F616 /* TipsterUITestsLaunchTests.swift */,
			);
			path = TipsterUITests;
			sourceTree = "<group>";
		};
		9F83C2E75AF719246A1B4EB2 /* Frameworks */ = {
			isa = PBXGroup;
			children = (
				D4BC5C1B90F5561421507B42 /* Pods_Tipster.framework */,
				EC287EAB3A61EBEAA8668E59 /* Pods_Tipster_TipsterUITests.framework */,
				84DDAFAFF03F31F754AE6B3A /* Pods_TipsterTests.framework */,
			);
			name = Frameworks;
			sourceTree = "<group>";
		};
/* End PBXGroup section */

/* Begin PBXNativeTarget section */
		81B8BB6E28CC21540091F616 /* Tipster */ = {
			isa = PBXNativeTarget;
			buildConfigurationList = 81B8BB9928CC21550091F616 /* Build configuration list for PBXNativeTarget "Tipster" */;
			buildPhases = (
				86248839BE39C1C4A7DCE887 /* [CP] Check Pods Manifest.lock */,
				81B8BB6B28CC21540091F616 /* Sources */,
				81B8BB6C28CC21540091F616 /* Frameworks */,
				81B8BB6D28CC21540091F616 /* Resources */,
				FCC7C12F176DF3D16A1F6CD1 /* [CP] Embed Pods Frameworks */,
			);
			buildRules = (
			);
			dependencies = (
			);
			name = Tipster;
			productName = Tipster;
			productReference = 81B8BB6F28CC21540091F616 /* Tipster.app */;
			productType = "com.apple.product-type.application";
		};
		81B8BB8428CC21540091F616 /* TipsterTests */ = {
			isa = PBXNativeTarget;
			buildConfigurationList = 81B8BB9C28CC21550091F616 /* Build configuration list for PBXNativeTarget "TipsterTests" */;
			buildPhases = (
				498FE68BC87620EC4B7C23BF /* [CP] Check Pods Manifest.lock */,
				81B8BB8128CC21540091F616 /* Sources */,
				81B8BB8228CC21540091F616 /* Frameworks */,
				81B8BB8328CC21540091F616 /* Resources */,
			);
			buildRules = (
			);
			dependencies = (
				81B8BB8728CC21540091F616 /* PBXTargetDependency */,
			);
			name = TipsterTests;
			productName = TipsterTests;
			productReference = 81B8BB8528CC21540091F616 /* TipsterTests.xctest */;
			productType = "com.apple.product-type.bundle.unit-test";
		};
		81B8BB8E28CC21550091F616 /* TipsterUITests */ = {
			isa = PBXNativeTarget;
			buildConfigurationList = 81B8BB9F28CC21550091F616 /* Build configuration list for PBXNativeTarget "TipsterUITests" */;
			buildPhases = (
				A3833D14C1CB25B01BCF9422 /* [CP] Check Pods Manifest.lock */,
				81B8BB8B28CC21550091F616 /* Sources */,
				81B8BB8C28CC21550091F616 /* Frameworks */,
				81B8BB8D28CC21550091F616 /* Resources */,
				4FFF8D8B73C522B5BA8D69C7 /* [CP] Embed Pods Frameworks */,
			);
			buildRules = (
			);
			dependencies = (
				81B8BB9128CC21550091F616 /* PBXTargetDependency */,
			);
			name = TipsterUITests;
			productName = TipsterUITests;
			productReference = 81B8BB8F28CC21550091F616 /* TipsterUITests.xctest */;
			productType = "com.apple.product-type.bundle.ui-testing";
		};
/* End PBXNativeTarget section */

/* Begin PBXProject section */
		81B8BB6728CC21540091F616 /* Project object */ = {
			isa = PBXProject;
			attributes = {
				BuildIndependentTargetsInParallel = 1;
				LastSwiftUpdateCheck = 1340;
				LastUpgradeCheck = 1340;
				TargetAttributes = {
					81B8BB6E28CC21540091F616 = {
						CreatedOnToolsVersion = 13.4.1;
					};
					81B8BB8428CC21540091F616 = {
						CreatedOnToolsVersion = 13.4.1;
						TestTargetID = 81B8BB6E28CC21540091F616;
					};
					81B8BB8E28CC21550091F616 = {
						CreatedOnToolsVersion = 13.4.1;
						TestTargetID = 81B8BB6E28CC21540091F616;
					};
				};
			};
			buildConfigurationList = 81B8BB6A28CC21540091F616 /* Build configuration list for PBXProject "Tipster" */;
			compatibilityVersion = "Xcode 13.0";
			developmentRegion = en;
			hasScannedForEncodings = 0;
			knownRegions = (
				en,
				Base,
			);
			mainGroup = 81B8BB6628CC21540091F616;
			productRefGroup = 81B8BB7028CC21540091F616 /* Products */;
			projectDirPath = "";
			projectRoot = "";
			targets = (
				81B8BB6E28CC21540091F616 /* Tipster */,
				81B8BB8428CC21540091F616 /* TipsterTests */,
				81B8BB8E28CC21550091F616 /* TipsterUITests */,
			);
		};
/* End PBXProject section */

/* Begin PBXResourcesBuildPhase section */
		81B8BB6D28CC21540091F616 /* Resources */ = {
			isa = PBXResourcesBuildPhase;
			buildActionMask = 2147483647;
			files = (
				81B8BB7F28CC21540091F616 /* LaunchScreen.storyboard in Resources */,
				81B8BB7C28CC21540091F616 /* Assets.xcassets in Resources */,
				81B8BB7A28CC21540091F616 /* Main.storyboard in Resources */,
			);
			runOnlyForDeploymentPostprocessing = 0;
		};
		81B8BB8328CC21540091F616 /* Resources */ = {
			isa = PBXResourcesBuildPhase;
			buildActionMask = 2147483647;
			files = (
			);
			runOnlyForDeploymentPostprocessing = 0;
		};
		81B8BB8D28CC21550091F616 /* Resources */ = {
			isa = PBXResourcesBuildPhase;
			buildActionMask = 2147483647;
			files = (
			);
			runOnlyForDeploymentPostprocessing = 0;
		};
/* End PBXResourcesBuildPhase section */

/* Begin PBXShellScriptBuildPhase section */
		498FE68BC87620EC4B7C23BF /* [CP] Check Pods Manifest.lock */ = {
			isa = PBXShellScriptBuildPhase;
			buildActionMask = 2147483647;
			files = (
			);
			inputFileListPaths = (
			);
			inputPaths = (
				"${PODS_PODFILE_DIR_PATH}/Podfile.lock",
				"${PODS_ROOT}/Manifest.lock",
			);
			name = "[CP] Check Pods Manifest.lock";
			outputFileListPaths = (
			);
			outputPaths = (
				"$(DERIVED_FILE_DIR)/Pods-TipsterTests-checkManifestLockResult.txt",
			);
			runOnlyForDeploymentPostprocessing = 0;
			shellPath = /bin/sh;
			shellScript = "diff \"${PODS_PODFILE_DIR_PATH}/Podfile.lock\" \"${PODS_ROOT}/Manifest.lock\" > /dev/null\nif [ $? != 0 ] ; then\n    # print error to STDERR\n    echo \"error: The sandbox is not in sync with the Podfile.lock. Run 'pod install' or update your CocoaPods installation.\" >&2\n    exit 1\nfi\n# This output is used by Xcode 'outputs' to avoid re-running this script phase.\necho \"SUCCESS\" > \"${SCRIPT_OUTPUT_FILE_0}\"\n";
			showEnvVarsInLog = 0;
		};
		4FFF8D8B73C522B5BA8D69C7 /* [CP] Embed Pods Frameworks */ = {
			isa = PBXShellScriptBuildPhase;
			buildActionMask = 2147483647;
			files = (
			);
			inputFileListPaths = (
				"${PODS_ROOT}/Target Support Files/Pods-Tipster-TipsterUITests/Pods-Tipster-TipsterUITests-frameworks-${CONFIGURATION}-input-files.xcfilelist",
			);
			name = "[CP] Embed Pods Frameworks";
			outputFileListPaths = (
				"${PODS_ROOT}/Target Support Files/Pods-Tipster-TipsterUITests/Pods-Tipster-TipsterUITests-frameworks-${CONFIGURATION}-output-files.xcfilelist",
			);
			runOnlyForDeploymentPostprocessing = 0;
			shellPath = /bin/sh;
			shellScript = "\"${PODS_ROOT}/Target Support Files/Pods-Tipster-TipsterUITests/Pods-Tipster-TipsterUITests-frameworks.sh\"\n";
			showEnvVarsInLog = 0;
		};
		86248839BE39C1C4A7DCE887 /* [CP] Check Pods Manifest.lock */ = {
			isa = PBXShellScriptBuildPhase;
			buildActionMask = 2147483647;
			files = (
			);
			inputFileListPaths = (
			);
			inputPaths = (
				"${PODS_PODFILE_DIR_PATH}/Podfile.lock",
				"${PODS_ROOT}/Manifest.lock",
			);
			name = "[CP] Check Pods Manifest.lock";
			outputFileListPaths = (
			);
			outputPaths = (
				"$(DERIVED_FILE_DIR)/Pods-Tipster-checkManifestLockResult.txt",
			);
			runOnlyForDeploymentPostprocessing = 0;
			shellPath = /bin/sh;
			shellScript = "diff \"${PODS_PODFILE_DIR_PATH}/Podfile.lock\" \"${PODS_ROOT}/Manifest.lock\" > /dev/null\nif [ $? != 0 ] ; then\n    # print error to STDERR\n    echo \"error: The sandbox is not in sync with the Podfile.lock. Run 'pod install' or update your CocoaPods installation.\" >&2\n    exit 1\nfi\n# This output is used by Xcode 'outputs' to avoid re-running this script phase.\necho \"SUCCESS\" > \"${SCRIPT_OUTPUT_FILE_0}\"\n";
			showEnvVarsInLog = 0;
		};
		A3833D14C1CB25B01BCF9422 /* [CP] Check Pods Manifest.lock */ = {
			isa = PBXShellScriptBuildPhase;
			buildActionMask = 2147483647;
			files = (
			);
			inputFileListPaths = (
			);
			inputPaths = (
				"${PODS_PODFILE_DIR_PATH}/Podfile.lock",
				"${PODS_ROOT}/Manifest.lock",
			);
			name = "[CP] Check Pods Manifest.lock";
			outputFileListPaths = (
			);
			outputPaths = (
				"$(DERIVED_FILE_DIR)/Pods-Tipster-TipsterUITests-checkManifestLockResult.txt",
			);
			runOnlyForDeploymentPostprocessing = 0;
			shellPath = /bin/sh;
			shellScript = "diff \"${PODS_PODFILE_DIR_PATH}/Podfile.lock\" \"${PODS_ROOT}/Manifest.lock\" > /dev/null\nif [ $? != 0 ] ; then\n    # print error to STDERR\n    echo \"error: The sandbox is not in sync with the Podfile.lock. Run 'pod install' or update your CocoaPods installation.\" >&2\n    exit 1\nfi\n# This output is used by Xcode 'outputs' to avoid re-running this script phase.\necho \"SUCCESS\" > \"${SCRIPT_OUTPUT_FILE_0}\"\n";
			showEnvVarsInLog = 0;
		};
		FCC7C12F176DF3D16A1F6CD1 /* [CP] Embed Pods Frameworks */ = {
			isa = PBXShellScriptBuildPhase;
			buildActionMask = 2147483647;
			files = (
			);
			inputFileListPaths = (
				"${PODS_ROOT}/Target Support Files/Pods-Tipster/Pods-Tipster-frameworks-${CONFIGURATION}-input-files.xcfilelist",
			);
			name = "[CP] Embed Pods Frameworks";
			outputFileListPaths = (
				"${PODS_ROOT}/Target Support Files/Pods-Tipster/Pods-Tipster-frameworks-${CONFIGURATION}-output-files.xcfilelist",
			);
			runOnlyForDeploymentPostprocessing = 0;
			shellPath = /bin/sh;
			shellScript = "\"${PODS_ROOT}/Target Support Files/Pods-Tipster/Pods-Tipster-frameworks.sh\"\n";
			showEnvVarsInLog = 0;
		};
/* End PBXShellScriptBuildPhase section */

/* Begin PBXSourcesBuildPhase section */
		81B8BB6B28CC21540091F616 /* Sources */ = {
			isa = PBXSourcesBuildPhase;
			buildActionMask = 2147483647;
			files = (
				81B1BFEA28D6935300C3118A /* MovieDetailsViewController.swift in Sources */,
				81B8BB7728CC21540091F616 /* ViewController.swift in Sources */,
				81B8BB7328CC21540091F616 /* AppDelegate.swift in Sources */,
				817BCD1128CD560800D45D6C /* MovieCell.swift in Sources */,
				81B8BB7528CC21540091F616 /* SceneDelegate.swift in Sources */,
			);
			runOnlyForDeploymentPostprocessing = 0;
		};
		81B8BB8128CC21540091F616 /* Sources */ = {
			isa = PBXSourcesBuildPhase;
			buildActionMask = 2147483647;
			files = (
				81B8BB8A28CC21550091F616 /* TipsterTests.swift in Sources */,
			);
			runOnlyForDeploymentPostprocessing = 0;
		};
		81B8BB8B28CC21550091F616 /* Sources */ = {
			isa = PBXSourcesBuildPhase;
			buildActionMask = 2147483647;
			files = (
				81B8BB9628CC21550091F616 /* TipsterUITestsLaunchTests.swift in Sources */,
				81B8BB9428CC21550091F616 /* TipsterUITests.swift in Sources */,
			);
			runOnlyForDeploymentPostprocessing = 0;
		};
/* End PBXSourcesBuildPhase section */

/* Begin PBXTargetDependency section */
		81B8BB8728CC21540091F616 /* PBXTargetDependency */ = {
			isa = PBXTargetDependency;
			target = 81B8BB6E28CC21540091F616 /* Tipster */;
			targetProxy = 81B8BB8628CC21540091F616 /* PBXContainerItemProxy */;
		};
		81B8BB9128CC21550091F616 /* PBXTargetDependency */ = {
			isa = PBXTargetDependency;
			target = 81B8BB6E28CC21540091F616 /* Tipster */;
			targetProxy = 81B8BB9028CC21550091F616 /* PBXContainerItemProxy */;
		};
/* End PBXTargetDependency section */

/* Begin PBXVariantGroup section */
		81B8BB7828CC21540091F616 /* Main.storyboard */ = {
			isa = PBXVariantGroup;
			children = (
				81B8BB7928CC21540091F616 /* Base */,
			);
			name = Main.storyboard;
			sourceTree = "<group>";
		};
		81B8BB7D28CC21540091F616 /* LaunchScreen.storyboard */ = {
			isa = PBXVariantGroup;
			children = (
				81B8BB7E28CC21540091F616 /* Base */,
			);
			name = LaunchScreen.storyboard;
			sourceTree = "<group>";
		};
/* End PBXVariantGroup section */

/* Begin XCBuildConfiguration section */
		81B8BB9728CC21550091F616 /* Debug */ = {
			isa = XCBuildConfiguration;
			buildSettings = {
				ALWAYS_SEARCH_USER_PATHS = NO;
				CLANG_ANALYZER_NONNULL = YES;
				CLANG_ANALYZER_NUMBER_OBJECT_CONVERSION = YES_AGGRESSIVE;
				CLANG_CXX_LANGUAGE_STANDARD = "gnu++17";
				CLANG_ENABLE_MODULES = YES;
				CLANG_ENABLE_OBJC_ARC = YES;
				CLANG_ENABLE_OBJC_WEAK = YES;
				CLANG_WARN_BLOCK_CAPTURE_AUTORELEASING = YES;
				CLANG_WARN_BOOL_CONVERSION = YES;
				CLANG_WARN_COMMA = YES;
				CLANG_WARN_CONSTANT_CONVERSION = YES;
				CLANG_WARN_DEPRECATED_OBJC_IMPLEMENTATIONS = YES;
				CLANG_WARN_DIRECT_OBJC_ISA_USAGE = YES_ERROR;
				CLANG_WARN_DOCUMENTATION_COMMENTS = YES;
				CLANG_WARN_EMPTY_BODY = YES;
				CLANG_WARN_ENUM_CONVERSION = YES;
				CLANG_WARN_INFINITE_RECURSION = YES;
				CLANG_WARN_INT_CONVERSION = YES;
				CLANG_WARN_NON_LITERAL_NULL_CONVERSION = YES;
				CLANG_WARN_OBJC_IMPLICIT_RETAIN_SELF = YES;
				CLANG_WARN_OBJC_LITERAL_CONVERSION = YES;
				CLANG_WARN_OBJC_ROOT_CLASS = YES_ERROR;
				CLANG_WARN_QUOTED_INCLUDE_IN_FRAMEWORK_HEADER = YES;
				CLANG_WARN_RANGE_LOOP_ANALYSIS = YES;
				CLANG_WARN_STRICT_PROTOTYPES = YES;
				CLANG_WARN_SUSPICIOUS_MOVE = YES;
				CLANG_WARN_UNGUARDED_AVAILABILITY = YES_AGGRESSIVE;
				CLANG_WARN_UNREACHABLE_CODE = YES;
				CLANG_WARN__DUPLICATE_METHOD_MATCH = YES;
				COPY_PHASE_STRIP = NO;
				DEBUG_INFORMATION_FORMAT = dwarf;
				ENABLE_STRICT_OBJC_MSGSEND = YES;
				ENABLE_TESTABILITY = YES;
				GCC_C_LANGUAGE_STANDARD = gnu11;
				GCC_DYNAMIC_NO_PIC = NO;
				GCC_NO_COMMON_BLOCKS = YES;
				GCC_OPTIMIZATION_LEVEL = 0;
				GCC_PREPROCESSOR_DEFINITIONS = (
					"DEBUG=1",
					"$(inherited)",
				);
				GCC_WARN_64_TO_32_BIT_CONVERSION = YES;
				GCC_WARN_ABOUT_RETURN_TYPE = YES_ERROR;
				GCC_WARN_UNDECLARED_SELECTOR = YES;
				GCC_WARN_UNINITIALIZED_AUTOS = YES_AGGRESSIVE;
				GCC_WARN_UNUSED_FUNCTION = YES;
				GCC_WARN_UNUSED_VARIABLE = YES;
				IPHONEOS_DEPLOYMENT_TARGET = 15.5;
				MTL_ENABLE_DEBUG_INFO = INCLUDE_SOURCE;
				MTL_FAST_MATH = YES;
				ONLY_ACTIVE_ARCH = YES;
				SDKROOT = iphoneos;
				SWIFT_ACTIVE_COMPILATION_CONDITIONS = DEBUG;
				SWIFT_OPTIMIZATION_LEVEL = "-Onone";
			};
			name = Debug;
		};
		81B8BB9828CC21550091F616 /* Release */ = {
			isa = XCBuildConfiguration;
			buildSettings = {
				ALWAYS_SEARCH_USER_PATHS = NO;
				CLANG_ANALYZER_NONNULL = YES;
				CLANG_ANALYZER_NUMBER_OBJECT_CONVERSION = YES_AGGRESSIVE;
				CLANG_CXX_LANGUAGE_STANDARD = "gnu++17";
				CLANG_ENABLE_MODULES = YES;
				CLANG_ENABLE_OBJC_ARC = YES;
				CLANG_ENABLE_OBJC_WEAK = YES;
				CLANG_WARN_BLOCK_CAPTURE_AUTORELEASING = YES;
				CLANG_WARN_BOOL_CONVERSION = YES;
				CLANG_WARN_COMMA = YES;
				CLANG_WARN_CONSTANT_CONVERSION = YES;
				CLANG_WARN_DEPRECATED_OBJC_IMPLEMENTATIONS = YES;
				CLANG_WARN_DIRECT_OBJC_ISA_USAGE = YES_ERROR;
				CLANG_WARN_DOCUMENTATION_COMMENTS = YES;
				CLANG_WARN_EMPTY_BODY = YES;
				CLANG_WARN_ENUM_CONVERSION = YES;
				CLANG_WARN_INFINITE_RECURSION = YES;
				CLANG_WARN_INT_CONVERSION = YES;
				CLANG_WARN_NON_LITERAL_NULL_CONVERSION = YES;
				CLANG_WARN_OBJC_IMPLICIT_RETAIN_SELF = YES;
				CLANG_WARN_OBJC_LITERAL_CONVERSION = YES;
				CLANG_WARN_OBJC_ROOT_CLASS = YES_ERROR;
				CLANG_WARN_QUOTED_INCLUDE_IN_FRAMEWORK_HEADER = YES;
				CLANG_WARN_RANGE_LOOP_ANALYSIS = YES;
				CLANG_WARN_STRICT_PROTOTYPES = YES;
				CLANG_WARN_SUSPICIOUS_MOVE = YES;
				CLANG_WARN_UNGUARDED_AVAILABILITY = YES_AGGRESSIVE;
				CLANG_WARN_UNREACHABLE_CODE = YES;
				CLANG_WARN__DUPLICATE_METHOD_MATCH = YES;
				COPY_PHASE_STRIP = NO;
				DEBUG_INFORMATION_FORMAT = "dwarf-with-dsym";
				ENABLE_NS_ASSERTIONS = NO;
				ENABLE_STRICT_OBJC_MSGSEND = YES;
				GCC_C_LANGUAGE_STANDARD = gnu11;
				GCC_NO_COMMON_BLOCKS = YES;
				GCC_WARN_64_TO_32_BIT_CONVERSION = YES;
				GCC_WARN_ABOUT_RETURN_TYPE = YES_ERROR;
				GCC_WARN_UNDECLARED_SELECTOR = YES;
				GCC_WARN_UNINITIALIZED_AUTOS = YES_AGGRESSIVE;
				GCC_WARN_UNUSED_FUNCTION = YES;
				GCC_WARN_UNUSED_VARIABLE = YES;
				IPHONEOS_DEPLOYMENT_TARGET = 15.5;
				MTL_ENABLE_DEBUG_INFO = NO;
				MTL_FAST_MATH = YES;
				SDKROOT = iphoneos;
				SWIFT_COMPILATION_MODE = wholemodule;
				SWIFT_OPTIMIZATION_LEVEL = "-O";
				VALIDATE_PRODUCT = YES;
			};
			name = Release;
		};
		81B8BB9A28CC21550091F616 /* Debug */ = {
			isa = XCBuildConfiguration;
			baseConfigurationReference = 85C0069B108D38A70DB08211 /* Pods-Tipster.debug.xcconfig */;
			buildSettings = {
				ASSETCATALOG_COMPILER_APPICON_NAME = AppIcon;
				ASSETCATALOG_COMPILER_GLOBAL_ACCENT_COLOR_NAME = AccentColor;
				CODE_SIGN_STYLE = Automatic;
				CURRENT_PROJECT_VERSION = 1;
				DEVELOPMENT_TEAM = 2MW2BNC29T;
				GENERATE_INFOPLIST_FILE = YES;
				INFOPLIST_FILE = Tipster/Info.plist;
				INFOPLIST_KEY_UIApplicationSupportsIndirectInputEvents = YES;
				INFOPLIST_KEY_UILaunchStoryboardName = LaunchScreen;
				INFOPLIST_KEY_UIMainStoryboardFile = Main;
				INFOPLIST_KEY_UISupportedInterfaceOrientations_iPad = "UIInterfaceOrientationPortrait UIInterfaceOrientationPortraitUpsideDown UIInterfaceOrientationLandscapeLeft UIInterfaceOrientationLandscapeRight";
				INFOPLIST_KEY_UISupportedInterfaceOrientations_iPhone = "UIInterfaceOrientationPortrait UIInterfaceOrientationLandscapeLeft UIInterfaceOrientationLandscapeRight";
				LD_RUNPATH_SEARCH_PATHS = (
					"$(inherited)",
					"@executable_path/Frameworks",
				);
				MARKETING_VERSION = 1.0;
				PRODUCT_BUNDLE_IDENTIFIER = com.zhiweima.Tipster;
				PRODUCT_NAME = "$(TARGET_NAME)";
				SWIFT_EMIT_LOC_STRINGS = YES;
				SWIFT_VERSION = 5.0;
				TARGETED_DEVICE_FAMILY = "1,2";
			};
			name = Debug;
		};
		81B8BB9B28CC21550091F616 /* Release */ = {
			isa = XCBuildConfiguration;
			baseConfigurationReference = BBE3C27D7615D6B32E8AFD96 /* Pods-Tipster.release.xcconfig */;
			buildSettings = {
				ASSETCATALOG_COMPILER_APPICON_NAME = AppIcon;
				ASSETCATALOG_COMPILER_GLOBAL_ACCENT_COLOR_NAME = AccentColor;
				CODE_SIGN_STYLE = Automatic;
				CURRENT_PROJECT_VERSION = 1;
				DEVELOPMENT_TEAM = 2MW2BNC29T;
				GENERATE_INFOPLIST_FILE = YES;
				INFOPLIST_FILE = Tipster/Info.plist;
				INFOPLIST_KEY_UIApplicationSupportsIndirectInputEvents = YES;
				INFOPLIST_KEY_UILaunchStoryboardName = LaunchScreen;
				INFOPLIST_KEY_UIMainStoryboardFile = Main;
				INFOPLIST_KEY_UISupportedInterfaceOrientations_iPad = "UIInterfaceOrientationPortrait UIInterfaceOrientationPortraitUpsideDown UIInterfaceOrientationLandscapeLeft UIInterfaceOrientationLandscapeRight";
				INFOPLIST_KEY_UISupportedInterfaceOrientations_iPhone = "UIInterfaceOrientationPortrait UIInterfaceOrientationLandscapeLeft UIInterfaceOrientationLandscapeRight";
				LD_RUNPATH_SEARCH_PATHS = (
					"$(inherited)",
					"@executable_path/Frameworks",
				);
				MARKETING_VERSION = 1.0;
				PRODUCT_BUNDLE_IDENTIFIER = com.zhiweima.Tipster;
				PRODUCT_NAME = "$(TARGET_NAME)";
				SWIFT_EMIT_LOC_STRINGS = YES;
				SWIFT_VERSION = 5.0;
				TARGETED_DEVICE_FAMILY = "1,2";
			};
			name = Release;
		};
		81B8BB9D28CC21550091F616 /* Debug */ = {
			isa = XCBuildConfiguration;
			baseConfigurationReference = 65F80E9B684C0666C8354CA2 /* Pods-TipsterTests.debug.xcconfig */;
			buildSettings = {
				ALWAYS_EMBED_SWIFT_STANDARD_LIBRARIES = YES;
				BUNDLE_LOADER = "$(TEST_HOST)";
				CODE_SIGN_STYLE = Automatic;
				CURRENT_PROJECT_VERSION = 1;
				DEVELOPMENT_TEAM = 2MW2BNC29T;
				GENERATE_INFOPLIST_FILE = YES;
				IPHONEOS_DEPLOYMENT_TARGET = 15.5;
				MARKETING_VERSION = 1.0;
				PRODUCT_BUNDLE_IDENTIFIER = com.zhiweima.TipsterTests;
				PRODUCT_NAME = "$(TARGET_NAME)";
				SWIFT_EMIT_LOC_STRINGS = NO;
				SWIFT_VERSION = 5.0;
				TARGETED_DEVICE_FAMILY = "1,2";
				TEST_HOST = "$(BUILT_PRODUCTS_DIR)/Tipster.app/Tipster";
			};
			name = Debug;
		};
		81B8BB9E28CC21550091F616 /* Release */ = {
			isa = XCBuildConfiguration;
			baseConfigurationReference = 5190D35E3E0C72C9C7ACB7E9 /* Pods-TipsterTests.release.xcconfig */;
			buildSettings = {
				ALWAYS_EMBED_SWIFT_STANDARD_LIBRARIES = YES;
				BUNDLE_LOADER = "$(TEST_HOST)";
				CODE_SIGN_STYLE = Automatic;
				CURRENT_PROJECT_VERSION = 1;
				DEVELOPMENT_TEAM = 2MW2BNC29T;
				GENERATE_INFOPLIST_FILE = YES;
				IPHONEOS_DEPLOYMENT_TARGET = 15.5;
				MARKETING_VERSION = 1.0;
				PRODUCT_BUNDLE_IDENTIFIER = com.zhiweima.TipsterTests;
				PRODUCT_NAME = "$(TARGET_NAME)";
				SWIFT_EMIT_LOC_STRINGS = NO;
				SWIFT_VERSION = 5.0;
				TARGETED_DEVICE_FAMILY = "1,2";
				TEST_HOST = "$(BUILT_PRODUCTS_DIR)/Tipster.app/Tipster";
			};
			name = Release;
		};
		81B8BBA028CC21550091F616 /* Debug */ = {
			isa = XCBuildConfiguration;
			baseConfigurationReference = 6A5F56FF0B076F99D911EFBA /* Pods-Tipster-TipsterUITests.debug.xcconfig */;
			buildSettings = {
				ALWAYS_EMBED_SWIFT_STANDARD_LIBRARIES = YES;
				CODE_SIGN_STYLE = Automatic;
				CURRENT_PROJECT_VERSION = 1;
				DEVELOPMENT_TEAM = 2MW2BNC29T;
				GENERATE_INFOPLIST_FILE = YES;
				MARKETING_VERSION = 1.0;
				PRODUCT_BUNDLE_IDENTIFIER = com.zhiweima.TipsterUITests;
				PRODUCT_NAME = "$(TARGET_NAME)";
				SWIFT_EMIT_LOC_STRINGS = NO;
				SWIFT_VERSION = 5.0;
				TARGETED_DEVICE_FAMILY = "1,2";
				TEST_TARGET_NAME = Tipster;
			};
			name = Debug;
		};
		81B8BBA128CC21550091F616 /* Release */ = {
			isa = XCBuildConfiguration;
			baseConfigurationReference = D5FF8601A9062A7EA7DB062C /* Pods-Tipster-TipsterUITests.release.xcconfig */;
			buildSettings = {
				ALWAYS_EMBED_SWIFT_STANDARD_LIBRARIES = YES;
				CODE_SIGN_STYLE = Automatic;
				CURRENT_PROJECT_VERSION = 1;
				DEVELOPMENT_TEAM = 2MW2BNC29T;
				GENERATE_INFOPLIST_FILE = YES;
				MARKETING_VERSION = 1.0;
				PRODUCT_BUNDLE_IDENTIFIER = com.zhiweima.TipsterUITests;
				PRODUCT_NAME = "$(TARGET_NAME)";
				SWIFT_EMIT_LOC_STRINGS = NO;
				SWIFT_VERSION = 5.0;
				TARGETED_DEVICE_FAMILY = "1,2";
				TEST_TARGET_NAME = Tipster;
			};
			name = Release;
		};
/* End XCBuildConfiguration section */

/* Begin XCConfigurationList section */
		81B8BB6A28CC21540091F616 /* Build configuration list for PBXProject "Tipster" */ = {
			isa = XCConfigurationList;
			buildConfigurations = (
				81B8BB9728CC21550091F616 /* Debug */,
				81B8BB9828CC21550091F616 /* Release */,
			);
			defaultConfigurationIsVisible = 0;
			defaultConfigurationName = Release;
		};
		81B8BB9928CC21550091F616 /* Build configuration list for PBXNativeTarget "Tipster" */ = {
			isa = XCConfigurationList;
			buildConfigurations = (
				81B8BB9A28CC21550091F616 /* Debug */,
				81B8BB9B28CC21550091F616 /* Release */,
			);
			defaultConfigurationIsVisible = 0;
			defaultConfigurationName = Release;
		};
		81B8BB9C28CC21550091F616 /* Build configuration list for PBXNativeTarget "TipsterTests" */ = {
			isa = XCConfigurationList;
			buildConfigurations = (
				81B8BB9D28CC21550091F616 /* Debug */,
				81B8BB9E28CC21550091F616 /* Release */,
			);
			defaultConfigurationIsVisible = 0;
			defaultConfigurationName = Release;
		};
		81B8BB9F28CC21550091F616 /* Build configuration list for PBXNativeTarget "TipsterUITests" */ = {
			isa = XCConfigurationList;
			buildConfigurations = (
				81B8BBA028CC21550091F616 /* Debug */,
				81B8BBA128CC21550091F616 /* Release */,
			);
			defaultConfigurationIsVisible = 0;
			defaultConfigurationName = Release;
		};
/* End XCConfigurationList section */
	};
	rootObject = 81B8BB6728CC21540091F616 /* Project object */;
}
